
Microsoft Visual Studio Solution File, Format Version 12.00
# Visual Studio 15
VisualStudioVersion = 15.0.28307.757
MinimumVisualStudioVersion = 10.0.40219.1
Project("{E24C65DC-7377-472B-9ABA-BC803B73C61A}") = "DataAccessSQLinjection", ".", "{D6A5079E-DB70-46BD-8872-E88FC4A2B663}"
	ProjectSection(WebsiteProperties) = preProject
		TargetFrameworkMoniker = ".NETFramework,Version%3Dv2.0"
		Debug.AspNetCompiler.VirtualPath = "/localhost_49564"
		Debug.AspNetCompiler.PhysicalPath = "..\..\..\Desktop\DataAccessSQLinjection\"
		Debug.AspNetCompiler.TargetPath = "PrecompiledWeb\localhost_49564\"
		Debug.AspNetCompiler.Updateable = "true"
		Debug.AspNetCompiler.ForceOverwrite = "true"
		Debug.AspNetCompiler.FixedNames = "false"
		Debug.AspNetCompiler.Debug = "True"
		Release.AspNetCompiler.VirtualPath = "/localhost_49564"
		Release.AspNetCompiler.PhysicalPath = "..\..\..\Desktop\DataAccessSQLinjection\"
		Release.AspNetCompiler.TargetPath = "PrecompiledWeb\localhost_49564\"
		Release.AspNetCompiler.Updateable = "true"
		Release.AspNetCompiler.ForceOverwrite = "true"
		Release.AspNetCompiler.FixedNames = "false"
		Release.AspNetCompiler.Debug = "False"
		VWDPort = "49564"
	EndProjectSection
EndProject
Global
	GlobalSection(SolutionConfigurationPlatforms) = preSolution
		Debug|Any CPU = Debug|Any CPU
	EndGlobalSection
	GlobalSection(ProjectConfigurationPlatforms) = postSolution
		{D6A5079E-DB70-46BD-8872-E88FC4A2B663}.Debug|Any CPU.ActiveCfg = Debug|Any CPU
		{D6A5079E-DB70-46BD-8872-E88FC4A2B663}.Debug|Any CPU.Build.0 = Debug|Any CPU
	EndGlobalSection
	GlobalSection(SolutionProperties) = preSolution
		HideSolutionNode = FALSE
	EndGlobalSection
	GlobalSection(ExtensibilityGlobals) = postSolution
		SolutionGuid = {BD86ED54-83CA-4F17-A7FB-28A4686C5F30}
	EndGlobalSection
EndGlobal
