Microsoft Visual Studio Solution File, Format Version 12.00
# Visual Studio 15
VisualStudioVersion = 15.0.28307.572
MinimumVisualStudioVersion = 10.0.40219.1
Project("{FAE04EC0-301F-11D3-BF4B-00C04F79EFBC}") = "NewSol", "NewSol\NewSol.csproj", "{A620254F-8850-497D-9905-EAF9D14BB338}"
EndProject
Global
	GlobalSection(SolutionConfigurationPlatforms) = preSolution
		Debug|Any CPU = Debug|Any CPU
		Release|Any CPU = Release|Any CPU
	EndGlobalSection
	GlobalSection(ProjectConfigurationPlatforms) = postSolution
		{A620254F-8850-497D-9905-EAF9D14BB338}.Debug|Any CPU.ActiveCfg = Debug|Any CPU
		{A620254F-8850-497D-9905-EAF9D14BB338}.Debug|Any CPU.Build.0 = Debug|Any CPU
		{A620254F-8850-497D-9905-EAF9D14BB338}.Release|Any CPU.ActiveCfg = Release|Any CPU
		{A620254F-8850-497D-9905-EAF9D14BB338}.Release|Any CPU.Build.0 = Release|Any CPU
	EndGlobalSection
	GlobalSection(SolutionProperties) = preSolution
		HideSolutionNode = FALSE
	EndGlobalSection
	GlobalSection(ExtensibilityGlobals) = postSolution
		SolutionGuid = {3F0D5C1E-4BFB-44CD-873C-A7C2E8347E7F}
	EndGlobalSection
EndGlobal
